
Microsoft Visual Studio Solution File, Format Version 12.00
# Visual Studio Version 17
VisualStudioVersion = 17.2.32602.215
MinimumVisualStudioVersion = 10.0.40219.1
Project("{FAE04EC0-301F-11D3-BF4B-00C04F79EFBC}") = "FileManager", "FileManager\FileManager.csproj", "{4DC42135-294F-47B2-B2FD-229E0205F30C}"
EndProject
Global
	GlobalSection(SolutionConfigurationPlatforms) = preSolution
		Debug|Any CPU = Debug|Any CPU
		Release|Any CPU = Release|Any CPU
	EndGlobalSection
	GlobalSection(ProjectConfigurationPlatforms) = postSolution
		{4DC42135-294F-47B2-B2FD-229E0205F30C}.Debug|Any CPU.ActiveCfg = Debug|Any CPU
		{4DC42135-294F-47B2-B2FD-229E0205F30C}.Debug|Any CPU.Build.0 = Debug|Any CPU
		{4DC42135-294F-47B2-B2FD-229E0205F30C}.Release|Any CPU.ActiveCfg = Release|Any CPU
		{4DC42135-294F-47B2-B2FD-229E0205F30C}.Release|Any CPU.Build.0 = Release|Any CPU
	EndGlobalSection
	GlobalSection(SolutionProperties) = preSolution
		HideSolutionNode = FALSE
	EndGlobalSection
	GlobalSection(ExtensibilityGlobals) = postSolution
		SolutionGuid = {BD598C08-0626-4E31-AEAA-2D78D7ED2323}
	EndGlobalSection
EndGlobal
